
Microsoft Visual Studio Solution File, Format Version 12.00
# Visual Studio Version 17
VisualStudioVersion = 17.3.32922.545
MinimumVisualStudioVersion = 10.0.40219.1
Project("{FAE04EC0-301F-11D3-BF4B-00C04F79EFBC}") = "TP3-YASSINE", "TP3-YASSINE\TP3-YASSINE.csproj", "{8D6950CE-2C30-4779-B70C-4CCE1D5EDBB2}"
EndProject
Global
	GlobalSection(SolutionConfigurationPlatforms) = preSolution
		Debug|Any CPU = Debug|Any CPU
		Release|Any CPU = Release|Any CPU
	EndGlobalSection
	GlobalSection(ProjectConfigurationPlatforms) = postSolution
		{8D6950CE-2C30-4779-B70C-4CCE1D5EDBB2}.Debug|Any CPU.ActiveCfg = Debug|Any CPU
		{8D6950CE-2C30-4779-B70C-4CCE1D5EDBB2}.Debug|Any CPU.Build.0 = Debug|Any CPU
		{8D6950CE-2C30-4779-B70C-4CCE1D5EDBB2}.Release|Any CPU.ActiveCfg = Release|Any CPU
		{8D6950CE-2C30-4779-B70C-4CCE1D5EDBB2}.Release|Any CPU.Build.0 = Release|Any CPU
	EndGlobalSection
	GlobalSection(SolutionProperties) = preSolution
		HideSolutionNode = FALSE
	EndGlobalSection
	GlobalSection(ExtensibilityGlobals) = postSolution
		SolutionGuid = {C2055A32-B67A-4903-B4A2-447952D214CE}
	EndGlobalSection
EndGlobal
